{"SurveyEntry":{"SurveyID":"SV_by03AfQ0Ecomssu","SurveyName":"Chat_Example","SurveyDescription":null,"SurveyOwnerID":"UR_8HQmOX4ug1hzbPo","SurveyBrandID":"radboudletteren","DivisionID":null,"SurveyLanguage":"EN","SurveyActiveResponseSet":"RS_9ZAngo8k0ths3kO","SurveyStatus":"Inactive","SurveyStartDate":"0000-00-00 00:00:00","SurveyExpirationDate":"0000-00-00 00:00:00","SurveyCreationDate":"2026-06-30 08:16:55","CreatorID":"UR_8HQmOX4ug1hzbPo","LastModified":"2026-07-21 02:38:52","LastAccessed":"0000-00-00 00:00:00","LastActivated":"0000-00-00 00:00:00","Deleted":null},"SurveyElements":[{"SurveyID":"SV_by03AfQ0Ecomssu","Element":"BL","PrimaryAttribute":"Survey Blocks","SecondaryAttribute":null,"TertiaryAttribute":null,"Payload":{"1":{"Type":"Trash","Description":"Trash \/ Unused Questions","ID":"BL_em1D4Z4WDkvUPtk","BlockElements":[],"Options":{"BlockLocking":"false","RandomizeQuestions":"false","BlockVisibility":"Collapsed"}},"77":{"Type":"Standard","SubType":"","Description":"Chat_Content","ID":"BL_3EpBNjXsuw5wURw","BlockElements":[{"Type":"Question","QuestionID":"QID121"}],"Options":{"BlockLocking":false,"RandomizeQuestions":"false","BlockVisibility":"Expanded"}},"78":{"Type":"Standard","SubType":"","Description":"Chat_Only","ID":"BL_0IgGv1Kip70fRNc","BlockElements":[{"Type":"Question","QuestionID":"QID125"}],"Options":{"BlockLocking":false,"RandomizeQuestions":"false","BlockVisibility":"Expanded"}},"79":{"Type":"Standard","SubType":"","Description":"Chat_Editor","ID":"BL_3P2d3TzRYGcdeIK","BlockElements":[{"Type":"Question","QuestionID":"QID127"}],"Options":{"BlockLocking":false,"RandomizeQuestions":"false","BlockVisibility":"Expanded"}}}},{"SurveyID":"SV_by03AfQ0Ecomssu","Element":"FL","PrimaryAttribute":"Survey Flow","SecondaryAttribute":null,"TertiaryAttribute":null,"Payload":{"Type":"Root","FlowID":"FL_1","Flow":[{"Type":"EmbeddedData","FlowID":"FL_197","EmbeddedData":[{"Description":"Placeholder","Type":"Custom","Field":"Placeholder","VariableType":"String","DataVisibility":[],"AnalyzeText":false,"Value":"<ul><li>OpenRouterAPIKey: Key via OpenRouter. <li>SetModel: Model Identifier from OpenRouter.<\/li> <li>SystemPrompt: System Prompt for the Model. <\/li><li>minimumInteractionTime_seconds: Sets a time requirement in seconds; users can proceed only when requirement is met. <li>minimumInteractionCount: Sets an interaction count requirement; users can proceed only when requirement is met. <\/li><li>ContentFieldTitle & ContentFieldInput: Allows users to specifiy content for the content configuration <\/li><li>EvaluationNecessary: 1 or 0; if 1 initiates a LLM-driven evaluation for every LLM-generated response and regenerates a new response if initial response does not fulfil the requirements set in the EvaluationPrompt <\/li><li>EvaluationPrompt: Prompt to check LLM-generated response; the output of this Prompt must be NO or YES; only NO allows the response to be presented to the participant. <\/li><li>LLMinitiates: 1 or 0; if 1 the model will generate a response first. <\/li><li>LLMinitiates_StartPrompt: Sets the first prompt necessary for the model to initiate the conversation.<\/li> <li>LLMinitiates_Visible: 1 or 0; if 1 LLMinitiates_StartPrompt will be visible to the participant.<\/li><li> Placeholder: This variable illustrates how to include embedded data (i.e. responses from previous questions) in other variables via \"insert piped text\".  Be aware that for this approach to work, the text to be added (i.e. InputText) needs to be set prior to setting the variables that must include it. <\/ul>"}]},{"Type":"EmbeddedData","FlowID":"FL_150","EmbeddedData":[{"Description":"OpenRouterAPIKey","Type":"Custom","Field":"OpenRouterAPIKey","VariableType":"String","DataVisibility":[],"AnalyzeText":false,"Value":"<your-api-key-here>"},{"Description":"setModel","Type":"Custom","Field":"setModel","VariableType":"String","DataVisibility":[],"AnalyzeText":false,"Value":"anthropic\/claude-sonnet-4.6"},{"Description":"ConversationHistory","Type":"Recipient","Field":"ConversationHistory","VariableType":"String","DataVisibility":[],"AnalyzeText":false},{"Description":"SystemPrompt","Type":"Custom","Field":"SystemPrompt","VariableType":"String","DataVisibility":[],"AnalyzeText":false,"Value":"\"You are part of an experimental paradigm created at Radboud University. It allows researchers to set up a plug-and-play Qualtrics experiment with LLM-integration and a minimalist UI. Please congratulate the user on successfully setting up the experiment and ask them about potential questions. Refer them to the documentation provided on https:\/\/github.com\/PaulBallot\/Talk2LLM_UI. Invite them to create an issue on GitHub or reach out to the creator via paul.ballot@ru.nl. Do not use any formatting and avoid emojis. Researchers have multiple ways to configure the experiment. There are three branches that are set up as separate blocks within the downloadable Qualtrics file: A simple chat, a simple chat with additional content on the side, and a simple chat with a simple text editor on the side. Additionally, researchers can adapt the following variables in the Survey Flow in Qualtrics: ${e:\/\/Field\/Placeholder}\""},{"Description":"minimumInteractionTime_seconds","Type":"Custom","Field":"minimumInteractionTime_seconds","VariableType":"String","DataVisibility":[],"AnalyzeText":false,"Value":"60"},{"Description":"minimumInteractionCount","Type":"Custom","Field":"minimumInteractionCount","VariableType":"String","DataVisibility":[],"AnalyzeText":false,"Value":"2"},{"Description":"EvaluationNecessary","Type":"Custom","Field":"EvaluationNecessary","VariableType":"String","DataVisibility":[],"AnalyzeText":false,"Value":"1"},{"Description":"EvaluationPrompt","Type":"Custom","Field":"EvaluationPrompt","VariableType":"String","DataVisibility":[],"AnalyzeText":false,"Value":"Your task is to evaluate a message by another Langauge Model. Please check whether this message a) indicates that the LLM refuses to fulfil its task or b) is inappropriate and should not be presented to a participant in an experiment. If one of these conditions apply, respond only with YES; otherwise, respond only with NO. This is the message: {{message_text}}"},{"Description":"LLMinitiates","Type":"Custom","Field":"LLMinitiates","VariableType":"String","DataVisibility":[],"AnalyzeText":false,"Value":"1"},{"Description":"LLMinitiates_StartPrompt","Type":"Custom","Field":"LLMinitiates_StartPrompt","VariableType":"String","DataVisibility":[],"AnalyzeText":false,"Value":"Hey, can you please introduce me to this experiment and explain me where to find more ressources?"},{"Description":"LLMinitiates_Visible","Type":"Custom","Field":"LLMinitiates_Visible","VariableType":"String","DataVisibility":[],"AnalyzeText":false,"Value":"1"},{"Description":"LLMinitiates_RepeatOnReset","Type":"Custom","Field":"LLMinitiates_RepeatOnReset","VariableType":"String","DataVisibility":[],"AnalyzeText":false,"Value":"1"}]},{"Type":"Group","FlowID":"FL_204","Description":"Chat_Content","Flow":[{"Type":"EmbeddedData","FlowID":"FL_195","EmbeddedData":[{"Description":"ContentFieldTitle","Type":"Custom","Field":"ContentFieldTitle","VariableType":"String","DataVisibility":[],"AnalyzeText":false,"Value":"Adapt the content field title in the survey flow"},{"Description":"ContentFieldInput","Type":"Custom","Field":"ContentFieldInput","VariableType":"String","DataVisibility":[],"AnalyzeText":false,"Value":"<strong> Ensure to follow the setup instructions provided in the readme.md on GitHub. Remember to include your API key and set a credit limit. <\/strong> <br><br> You can adapt the content field input in the survey flow. Apply HTML tags to format your content. Longer texts will be scrollable. Be aware that this setup works best on desktop devices. While the interface does \u2013 technically \u2013 also work on smaller screens, the user experience is subar on mobile. <br> ${e:\/\/Field\/Placeholder}"}]},{"Type":"Standard","ID":"BL_3EpBNjXsuw5wURw","FlowID":"FL_188","Autofill":[]}]},{"Type":"Group","FlowID":"FL_205","Description":"Chat_Only","Flow":[{"Type":"Standard","ID":"BL_0IgGv1Kip70fRNc","FlowID":"FL_198","Autofill":[]}]},{"Type":"Group","FlowID":"FL_203","Description":"Chat_Editor","Flow":[{"Type":"EmbeddedData","FlowID":"FL_202","EmbeddedData":[{"Description":"Article","Type":"Recipient","Field":"Article","VariableType":"String","DataVisibility":[],"AnalyzeText":false},{"Description":"ArticleMinimumLength","Type":"Custom","Field":"ArticleMinimumLength","VariableType":"String","DataVisibility":[],"AnalyzeText":false,"Value":"50"}]},{"Type":"Standard","ID":"BL_3P2d3TzRYGcdeIK","FlowID":"FL_200","Autofill":[]}]},{"Type":"EndSurvey","FlowID":"FL_206"}],"Properties":{"Count":206}}},{"SurveyID":"SV_by03AfQ0Ecomssu","Element":"PL","PrimaryAttribute":"Preview Link","SecondaryAttribute":null,"TertiaryAttribute":null,"Payload":{"PreviewType":"Brand","PreviewID":"7b06aa92-e5b0-40f8-970f-3a74cdb03aba"}},{"SurveyID":"SV_by03AfQ0Ecomssu","Element":"PROJ","PrimaryAttribute":"CORE","SecondaryAttribute":null,"TertiaryAttribute":"1.1.0","Payload":{"ProjectCategory":"CORE","SchemaVersion":"1.1.0"}},{"SurveyID":"SV_by03AfQ0Ecomssu","Element":"QC","PrimaryAttribute":"Survey Question Count","SecondaryAttribute":"128","TertiaryAttribute":null,"Payload":null},{"SurveyID":"SV_by03AfQ0Ecomssu","Element":"RS","PrimaryAttribute":"RS_9ZAngo8k0ths3kO","SecondaryAttribute":null,"TertiaryAttribute":null,"Payload":null},{"SurveyID":"SV_by03AfQ0Ecomssu","Element":"SCO","PrimaryAttribute":"Scoring","SecondaryAttribute":null,"TertiaryAttribute":null,"Payload":{"ScoringCategories":[],"ScoringCategoryGroups":[],"ScoringSummaryCategory":null,"ScoringSummaryAfterQuestions":0,"ScoringSummaryAfterSurvey":0,"DefaultScoringCategory":null,"AutoScoringCategory":null}},{"SurveyID":"SV_by03AfQ0Ecomssu","Element":"SO","PrimaryAttribute":"Survey Options","SecondaryAttribute":null,"TertiaryAttribute":null,"Payload":{"BackButton":"false","SaveAndContinue":"true","SurveyProtection":"PublicSurvey","BallotBoxStuffingPrevention":"false","NoIndex":"Yes","SecureResponseFiles":"true","SurveyExpiration":null,"SurveyTermination":"Redirect","Header":"","Footer":"","ProgressBarDisplay":"None","PartialData":"+1 week","ValidationMessage":null,"PreviousButton":" \u2190 ","NextButton":" \u2192 ","SurveyTitle":"Qualtrics Survey | Qualtrics Experience Management","SkinLibrary":"radboudletteren","SkinType":"MQ","Skin":"radboudletteren1","NewScoring":1,"SurveyMetaDescription":"The most powerful, simple and trusted way to gather experience data. Start your journey to experience management and try a free account today.","EOSMessage":null,"ShowExportTags":"false","CollectGeoLocation":"false","PasswordProtection":"No","AnonymizeResponse":"Yes","RefererCheck":"No","BallotBoxStuffingPreventionBehavior":null,"BallotBoxStuffingPreventionMessage":null,"BallotBoxStuffingPreventionMessageLibrary":null,"BallotBoxStuffingPreventionURL":null,"RecaptchaV3":"false","ConfirmStart":false,"AutoConfirmStart":false,"RelevantID":"false","RelevantIDLockoutPeriod":"+30 days","UseCustomSurveyLinkCompletedMessage":null,"SurveyLinkCompletedMessage":null,"SurveyLinkCompletedMessageLibrary":null,"ResponseSummary":"No","EOSMessageLibrary":null,"EOSRedirectURL":"https:\/\/app.prolific.com\/submissions\/complete?cc=CUETTNXZ","EmailThankYou":"false","ThankYouEmailMessageLibrary":null,"ThankYouEmailMessage":null,"ValidateMessage":"false","ValidationMessageLibrary":null,"InactiveSurvey":"DefaultMessage","PartialDeletion":null,"PartialDataCloseAfter":"LastActivity","InactiveMessageLibrary":null,"InactiveMessage":null,"AvailableLanguages":{"EN":[]},"SurveyLinkExpirationMessageType":"DefaultMessage","SurveyLinkExpirationMessage":null,"SurveyLinkExpirationMessageLibrary":null,"SurveyName":"Chat_Example","CustomStyles":{"customCSS":"#SkinContent{ width:90vw; } .Skin .QuestionOuter.Matrix{ width:90vw; max-width:90vw; }"}}},{"SurveyID":"SV_by03AfQ0Ecomssu","Element":"SQ","PrimaryAttribute":"QID121","SecondaryAttribute":"${e:\/\/Field\/ContentFieldTitle} ${e:\/\/Field\/ContentFieldInput} Chat Send Reset End Conversation","TertiaryAttribute":null,"Payload":{"QuestionText":"<style>\nhtml, body {\n  margin: 0;\n  padding: 0;\n  height: 100%;\n}\n\n.debate-wrapper {\n  width: 100%;\n  min-height: 70vh;   \n  height: 70dvh;      \n  display: flex;\n  justify-content: center;\n  gap: 20px;\n  font-family: sans-serif;\n  padding: 20px;\n  box-sizing: border-box;\n  overflow: hidden;  \n}\n\n\n.panel {\n  display: flex;\n  flex-direction: column;\n  min-height: 0;       \n  overflow: hidden;\n  font-size: 14px;\n}\n\n\n#text-editor {\n  flex: 2;\n}\n\n\n#chat-container {\n  flex: 3;\n}\n\n\n.editor-box {\n  flex: 1;\n  min-height: 0;\n  padding: 15px;\n  border-radius: 10px;\n  background-color: #f9f9f9;\n  height: 280px; \n  overflow-y: auto;    \n  box-sizing: border-box;\n  font-size: 16px;\n}\n\n\/* CHAT BOX *\/\n.chat-box {\n  flex: 1;\n  min-height: 0;\n  overflow-y: auto;\n  border: 1px solid #ccc;\n  padding: 10px;\n  background-color: #f9f9f9;\n  border-radius: 10px;\n  box-sizing: border-box;\n  display: flex;\n  flex-direction: column;\n}\n\n\/* INPUT ROW *\/\n.input-row {\n  margin-top: 10px;\n  display: flex;\n  gap: 8px;\n}\n\ninput[type=\"text\"] {\n  flex: 1;\n  padding: 10px;\n  border-radius: 20px;\n  border: 1px solid #ccc;\n  box-sizing: border-box;\n}\n\nbutton {\n  padding: 10px 14px;\n  border-radius: 20px;\n  border: none;\n  cursor: pointer;\n  white-space: nowrap;\n}\n\n#send-button {\n  background-color: #0B6DE0;\n  color: white;\n}\n\n#send-button:hover {\n  background-color: #04AA6D;\n}\n\n#submit-button,\n#Reset-button {\n  background-color: #e50000;\n  color: white;\n}\n\n\n@media (max-width: 768px) {\n  .debate-wrapper {\n    flex-direction: column;\n    gap: 20px;\n  }\n\n  .input-row {\n    flex-wrap: wrap;\n  }\n\n  #send-button,\n  #Reset-button {\n    flex: 1;\n  }\n}\n<\/style>\n\n\n<div class=\"debate-wrapper\">\n\n  \n  <div id=\"text-editor\" class=\"panel\">\n    <h3>${e:\/\/Field\/ContentFieldTitle}<\/h3>\n\n    <div class=\"editor-box\">\n            <div> \n\t\t\t\t${e:\/\/Field\/ContentFieldInput}\n      <\/div>\n    <\/div>\n  <\/div>\n\n  \n  <div id=\"chat-container\" class=\"panel\">\n    <h3>Chat<\/h3>\n\n    <div id=\"chat-box\" class=\"chat-box\"><\/div>\n\n    <div class=\"input-row\">\n      <input id=\"user-input\" placeholder=\"Type your message...\" type=\"text\">\n      <button id=\"send-button\">Send<\/button>\n      <button id=\"Reset-button\">Reset<\/button>\n    <\/div>\n\n    <button id=\"submit-button\" style=\"margin-top: 10px;\">\n      End Conversation\n    <\/button>\n  <\/div>\n\n<\/div>\n\n\n","DefaultChoices":false,"QuestionType":"DB","Selector":"TB","DataVisibility":{"Private":false,"Hidden":false},"Configuration":{"QuestionDescriptionOption":"UseText"},"QuestionDescription":"${e:\/\/Field\/ContentFieldTitle} ${e:\/\/Field\/ContentFieldInput} Chat Send Reset End Conversation","ChoiceOrder":[],"Validation":{"Settings":{"Type":"None"}},"GradingData":[],"Language":[],"NextChoiceId":4,"NextAnswerId":1,"QuestionJS":"Qualtrics.SurveyEngine.addOnload(function()\n{\n  const chatBox = document.getElementById(\"chat-box\");\n  const input = document.getElementById(\"user-input\");\n  const sendButton = document.getElementById(\"send-button\");\n  const resetButton = document.getElementById(\"Reset-button\");\n  const submitButton = document.getElementById(\"submit-button\");\n  const start = Date.now();\n  const url = \"https:\/\/openrouter.ai\/api\/v1\/chat\/completions\";\n  var ResetCounter = 0;\n  var canPlaySound = true;\n  let historiesArray = [];\n  var UserMessageCount = 0;\n  var checkRequirementsResults = false; \n\n  var systemMessage = Qualtrics.SurveyEngine.getEmbeddedData('SystemPrompt');\n  const apiKey = Qualtrics.SurveyEngine.getEmbeddedData('OpenRouterAPIKey'); \/\/ OpenRouter key\n  const OR_model = Qualtrics.SurveyEngine.getEmbeddedData('setModel'); \/\/ seleced Model from https:\/\/openrouter.ai\/models (click on the model and copy the Model Identifier)\n  var conversationHistory = [{\"role\": \"system\", \"content\": systemMessage},];\n\n  \/\/ Requirements\n  var minimumInteractionCount = Qualtrics.SurveyEngine.getEmbeddedData('minimumInteractionCount');\n  var minimumInteractionTime = Qualtrics.SurveyEngine.getEmbeddedData('minimumInteractionTime_seconds');\n  \n  \/\/ Evaluation\n  var EvaluationNecessary = Qualtrics.SurveyEngine.getEmbeddedData('EvaluationNecessary');\n  if (EvaluationNecessary == 1) {\n    var EvaluationPrompt = Qualtrics.SurveyEngine.getEmbeddedData('EvaluationPrompt');\n  }\n\n  \/\/ Does the LLM initiate the interaction?\n  var LLMinitiates = Qualtrics.SurveyEngine.getEmbeddedData('LLMinitiates'); \/\/ 1: Yes; 0: No\n   if (LLMinitiates == 1) {\n    var LLMinitiates_StartPrompt = Qualtrics.SurveyEngine.getEmbeddedData('LLMinitiates_StartPrompt'); \/\/ The LLM needs \"user input\" to initiate. Provide the first message the LLM should react to. \n    var LLMinitiates_Visible = Qualtrics.SurveyEngine.getEmbeddedData('LLMinitiates_Visible'); \/\/ Should LLMinitiates_StartPrompt be visible to the User?\n    var LLMinitiates_RepeatOnReset = Qualtrics.SurveyEngine.getEmbeddedData('LLMinitiates_RepeatOnReset'); \/\/ Should the Model initiate again after reset?\n   }\n\nthis.hideNextButton();\n\n\n  \/**\n * Change button style when requirements are met\n *\/\nfunction ColourChangeWhenRequirementsMet() {\nlet ms = Date.now() - start;\nif (ms > (minimumInteractionTime*1000) && UserMessageCount >= minimumInteractionCount) {\n  submitButton.style.background='#0B6DE0';\n}}\nsetInterval(ColourChangeWhenRequirementsMet, 1000); \n\n\/**\n * Transforms markdown into HTML formatting\n * @param  {string} text the text to be transformed\n * @return {string}      the transformed text\n *\/\n  function parseMarkdown(text) {\n    return text\n      .replace(\/\\*\\*(.*?)\\*\\*\/g, '<strong>$1<\/strong>')\n      .replace(\/__(.*?)__\/g, '<strong>$1<\/strong>')\n      .replace(\/\\*(.*?)\\*\/g, '<em>$1<\/em>')\n      .replace(\/_(.*?)_\/g, '<em>$1<\/em>')\n      .replace(\/`(.*?)`\/g, '<code style=\"background-color: #f1f1f1; padding: 2px 4px; border-radius: 3px; font-family: monospace;\">$1<\/code>')\n      .replace(\/\\n\/g, '<br>')\n      .replace(\/\\[([^\\]]+)\\]\\(([^)]+)\\)\/g, '<a href=\"$2\" target=\"_blank\" style=\"color: #1976d2; text-decoration: none;\">$1<\/a>')\n      .replace(\/^### (.*$)\/gm, '<h3 style=\"margin: 10px 0 5px 0; font-size: 16px;\">$1<\/h3>')\n      .replace(\/^## (.*$)\/gm, '<h2 style=\"margin: 10px 0 5px 0; font-size: 18px;\">$1<\/h2>')\n      .replace(\/^# (.*$)\/gm, '<h1 style=\"margin: 10px 0 5px 0; font-size: 20px;\">$1<\/h1>')\n      .replace(\/^[\\-\\*] (.+)$\/gm, '<li style=\"margin-left: 20px;\">$1<\/li>')\n      .replace(\/(<li.*?<\\\/li>\\s*)+\/g, '<ul style=\"margin: 5px 0; padding-left: 0;\">$&<\/ul>');\n  }\n\n  \/**\n * Appends a message to the chat interface and conversation history\n * @param  {string} sender is the message source user or bot\n * @param  {string} text message text\n *\/\n  function appendMessage(sender, text) {\n    const messageDiv = document.createElement(\"div\");\n    console.log(\"appendMessage called:\", sender, text);\n    messageDiv.style.margin = \"5px 0\";\n    messageDiv.style.padding = \"10px\";\n    messageDiv.style.borderRadius = \"15px\";\n    messageDiv.style.maxWidth = \"90%\";\n    messageDiv.style.wordWrap = \"break-word\";\n    messageDiv.style.display = \"inline-block\";\n\n    if (sender === \"user\") {\n      UserMessageCount = UserMessageCount + 1; \n      messageDiv.style.backgroundColor = \"#dcf8c6\";\n      messageDiv.style.alignSelf = \"flex-end\";\n      messageDiv.style.marginLeft = \"auto\";\n      conversationHistory.push({ role: \"user\", content: text });\n      messageDiv.textContent = text;\n    } else {\n      messageDiv.style.backgroundColor = \"#e4e6eb\";\n      messageDiv.style.marginRight = \"auto\";\n      conversationHistory.push({ role: \"assistant\", content: text });\n      RemoveResponseInProcess();\n      const parsedText = parseMarkdown(text);\n      messageDiv.innerHTML = parsedText;\n    }\n\n    chatBox.appendChild(messageDiv);\n    chatBox.scrollTop = chatBox.scrollHeight;\n  }\n\n  \/**\n * Blocks User from typing or sending messages while response generation in process\n *\/\nfunction ResponseInProcess() {\n  disableSend();\n\t  const process = document.createElement(\"div\");\n\t  process.className = \"response-in-progress\";\n\t  process.style.fontSize = \"12px\";\n\t  process.style.color = \"#888\";\n\t  process.style.marginTop = \"2px\";\n\t  process.style.display = \"block\";\n\t  process.textContent = \"Waiting for Response\";\n\t  process.style.marginRight = \"auto\";\n\t  chatBox.appendChild(process);\n\t  chatBox.scrollTop = chatBox.scrollHeight;\n\t  TypingAnimation(process);\n}\n\n  \/**\n * Allows user to type or send messages again\n *\/\nfunction RemoveResponseInProcess() {\n  const processMessages = chatBox.querySelectorAll(\".response-in-progress\");\n  processMessages.forEach(msg => {\n    if (msg.dataset.intervalId) {\n      clearInterval(Number(msg.dataset.intervalId));\n    }\n    chatBox.removeChild(msg);\n  });\n  enableSend();\n}\n\t\n  \/**\n * Block Send Function\n *\/\nfunction disableSend() {\n  input.disabled = true;\n  sendButton.disabled = true;\n  input.placeholder = \"Chat disabled.\";\n  resetButton.disabled = true;\n}\n\n  \/**\n * Enable Send Function and focuses on input window\n *\/\nfunction enableSend() {\n  input.disabled = false;\n  sendButton.disabled = false;\n  input.placeholder = \"Type your message...\";\n  input.focus();\n  resetButton.disabled = false;\n}\t\n\n  \/**\n * Triggers Typing Animation\n *\/\nfunction TypingAnimation(process) {\nconst typingStates = [\"Waiting for Response.\", \"Waiting for Response..\", \"Waiting for Response...\", \"Waiting for Response\"];\n    var index = 0;\n    const animationInterval = 500; \/\/ in ms\n    const typingInterval = setInterval(() => {\n      process.textContent = typingStates[index];\n      index = (index + 1) % typingStates.length;\n    }, animationInterval);\n\tprocess.dataset.intervalId = typingInterval;\n}\n\ninput.addEventListener(\"keydown\", function (event) {\n  if (event.key === \"Enter\" && !event.shiftKey) {\n    event.preventDefault();\n    window.sendMessage();\n  }\n});\n\t\t\n\t\n  \/**\n * Triggers Request to OpenRouter, checks output message and \n * restarts response generation when output message fails check\n *\/\nasync function TriggerOpenrouterRequest() {\n  console.log(\"TriggerOpenrouterRequestPipeline called\");\n  var attemptLimit = 5;\n  var currentAttempt = 0;\n  var currentEvaluation = \"YES\";\n  while(currentEvaluation != \"NO\" && currentAttempt < attemptLimit){\n    try{\n       var currentMessage = await ChatRequest(conversationHistory);\n       console.log(\"Message:\", currentMessage);\n       var currentEvaluation = await MessageCheck(currentMessage);\n       console.log(\"Evaluation:\", currentEvaluation);\n     } catch(error) {\n       console.error(\"Pipeline failed:\", error);\n  }\n  currentAttempt = currentAttempt + 1; \n  }\n  if (currentEvaluation === \"NO\"){\n    appendMessage(\"bot\", currentMessage);\n  }\n  if (currentEvaluation != \"NO\" && currentAttempt == attemptLimit)\n  {\n    console.log(\"Error: final evaluation result was \" + currentEvaluation + \" for the following message: \" + currentMessage);\n    alert(\"An evaluation error occured. Please contact the responsible researchers.\"); \n  }\n}\n  \/**\n * Sends request to OpenRouter API\n * @param  {string} ChatHistory stringified JSON with the conversation history\n * @return {string} LLM Response\n *\/\nasync function ChatRequest(ChatHistory) {\n  const Header = new Headers();\n  Header.append(\"Content-Type\", \"application\/json\");\n  Header.append(\"Authorization\", \"Bearer \" + apiKey);\n\n  var response = await fetch(url, {\n    method: \"POST\",\n    headers: Header,\n    body: JSON.stringify({\n      model: OR_model,\n      messages: ChatHistory\n    })\n  });\n  const returnedResponse = await response.json();\n  return returnedResponse.choices[0].message.content.trim();;\n}\n\n  \/**\n * Evaluates generated message based on EvaluationPrompt\n * @param  {string} Message Message to be checked\n * @return {string} Response to Evaluation Prompt\n *\/\nasync function MessageCheck(Message) {\n  if(EvaluationNecessary == 1) {\n  var CheckPrompt = EvaluationPrompt.replace('{{message_text}}', Message);\n  var CheckConversationHistory = [{ role: \"user\", content: CheckPrompt }];\n  return await ChatRequest(CheckConversationHistory);\n  }\n  else {\n    return \"NO\"\n  }\n}\n\n\n\/\/ Functions for Buttons\nsendButton.addEventListener(\"click\", function () {\n  window.sendMessage();\n});\n\nresetButton.addEventListener(\"click\", function () {\n  window.Reset();\n});\n\nsubmitButton.addEventListener(\"click\", function () {\n  window.Submit();\n});\n\t\nwindow.Reset = function()\t{\t\n document.getElementById(\"chat-box\").innerHTML = \"\";\n input.value = \"\";\n historiesArray.push({\n    Conversation_number: ResetCounter,\n    history: JSON.parse(JSON.stringify(conversationHistory))});\n conversationHistory = [{\"role\": \"system\", \"content\": systemMessage},];\n ResetCounter++; \n console.log(\"HistorySaved:\", JSON.stringify(conversationHistory));\n enableSend();\n   if (LLMinitiates == \"1\" && LLMinitiates_RepeatOnReset == \"1\"){\n    if (LLMinitiates_Visible == \"1\") {\n      appendMessage(\"user\", LLMinitiates_StartPrompt);\n    } else\n      {conversationHistory.push({ role: \"user\", content: LLMinitiates_StartPrompt });\n    }\n    ResponseInProcess();\n    TriggerOpenrouterRequest();\n  }\n}\t\n\nwindow.Submit = function()\t{\nlet ms = Date.now() - start;\nif (ms < (minimumInteractionTime*1000) || UserMessageCount < minimumInteractionCount) {\n  if (minimumInteractionCount == 0 && minimumInteractionTime != 0) {alert(\"Please interact with the Chatbot for at least \" + minimumInteractionTime + \" seconds!\")}\n    else if (minimumInteractionTime == 0 && minimumInteractionCount != 0) {alert(\"Please interact with the Chatbot for at least \" + minimumInteractionCount + \" messages!\")}\n\t  else{alert(\"Please interact with the Chatbot for at least \" + minimumInteractionTime + \" seconds and a minimum of \" + minimumInteractionCount + \" messages!\")}}\nelse {\n\tlet confirmation = confirm(\"Do you really want to end the conversation and proceed?\");\n  if (confirmation) {\n  historiesArray.push({Conversation_number: ResetCounter, history: JSON.parse(JSON.stringify(conversationHistory))});\n  Qualtrics.SurveyEngine.setEmbeddedData('ConversationHistory', JSON.stringify(historiesArray));\n  var nextButton = document.querySelector('.NextButton');\n  nextButton.click();\n}}}\n\t\n\n  window.sendMessage = function () {\n    let userText = input.value.trim();\n    if (userText === \"\") return;\n    input.value = \"\";\n    appendMessage(\"user\", userText);\n\tsetTimeout(function (){\n    ResponseInProcess();         \n    }, 250);\n    TriggerOpenrouterRequest(); \n  }; \n\n  if (LLMinitiates == \"1\"){\n    if (LLMinitiates_Visible == \"1\") {\n      appendMessage(\"user\", LLMinitiates_StartPrompt);\n      UserMessageCount = UserMessageCount - 1; \n    } else\n      {conversationHistory.push({ role: \"user\", content: LLMinitiates_StartPrompt });\n    }\n    ResponseInProcess();\n    TriggerOpenrouterRequest();\n  }\n\n});\n\nQualtrics.SurveyEngine.addOnReady(function()\n{\n\n});\n\nQualtrics.SurveyEngine.addOnUnload(function()\n{\n\n});","QuestionText_Unsafe":"Imagine you want to know more about the interview content and you open a chatbot.You can now communicate with the chatbot below and end the conversation at any time.\n\t<br><br>\n<div class=\"debate-wrapper\">\n\t\n  <div id=\"text-editor\" class=\"panel\">\n    <h3>Interview Content<\/h3>\n\n    <div class=\"editor-box\">\n            <div>\n        <b>Emma Croucher:<\/b> We have heard a lot lately about gender-neutral language and the protests at the ABC School. What do you think about that, Mr Miller?\n        <br><br>\n        <b>Steve Miller:<\/b> I think the headteacher did the right thing and that these protesters are mistaken. Ultimately, gender-neutral language is not about equality. Supporters of this gender madness want to manipulate language to influence and control our thinking. It has always been the goal of those in power to gain control over language. Whoever controls language controls thought. This notion is vividly described in George Orwell's novel 1984. I firmly believe that no teacher or child should be criminalised just because they say \u201cpoliceman\u201d instead of \u201cpolice officer\u201d in a sentence. This control of language is simply another mechanism being introduced to impose a gender ideology on children. Once again, it's all about maintaining the power of a small elite that pulls the strings. Let's be honest: if it were about equality, all energy would be invested in the fight for equal pay for men and women. All these other measures merely serve as smoke screens to obscure the real issues.\n      <\/div>\n    <\/div>\n  <\/div>\n\n  \n  <div id=\"chat-container\" class=\"panel\">\n    <h3>Chat<\/h3>\n\n    <div id=\"chat-box\" class=\"chat-box\"><\/div>\n\n    <div class=\"input-row\">\n      <input id=\"user-input\" placeholder=\"Type your message...\" type=\"text\">\n      <button id=\"send-button\">Send<\/button>\n      <button id=\"Reset-button\">Reset<\/button>\n    <\/div>\n\n    <button id=\"submit-button\" style=\"margin-top: 10px;\">\n      End Conversation\n    <\/button>\n  <\/div>\n\n<\/div>","DataExportTag":"Q121","QuestionID":"QID121"}},{"SurveyID":"SV_by03AfQ0Ecomssu","Element":"SQ","PrimaryAttribute":"QID125","SecondaryAttribute":"Chat Send Reset End Conversation","TertiaryAttribute":null,"Payload":{"QuestionText":"<style>\nhtml, body {\n  margin: 0;\n  padding: 0;\n  height: 100%;\n}\n.debate-wrapper {\n  width: 100%;\n  min-height: 70vh;   \n  height: 70dvh;      \n  display: flex;\n  justify-content: center;\n  gap: 20px;\n  font-family: sans-serif;\n  padding: 20px;\n  box-sizing: border-box;\n  overflow: hidden;  \n}\n.panel {\n  display: flex;\n  flex-direction: column;\n  min-height: 0;       \n  overflow: hidden;\n  font-size: 14px;\n}\n#chat-container {\n  flex: 1;\n  width: 100%;\n  max-width: 700px;\n}\n\/* CHAT BOX *\/\n.chat-box {\n  flex: 1;\n  min-height: 0;\n  overflow-y: auto;\n  border: 1px solid #ccc;\n  padding: 10px;\n  background-color: #f9f9f9;\n  border-radius: 10px;\n  box-sizing: border-box;\n  display: flex;\n  flex-direction: column;\n}\n\/* INPUT ROW *\/\n.input-row {\n  margin-top: 10px;\n  display: flex;\n  gap: 8px;\n}\ninput[type=\"text\"] {\n  flex: 1;\n  padding: 10px;\n  border-radius: 20px;\n  border: 1px solid #ccc;\n  box-sizing: border-box;\n}\nbutton {\n  padding: 10px 14px;\n  border-radius: 20px;\n  border: none;\n  cursor: pointer;\n  white-space: nowrap;\n}\n#send-button {\n  background-color: #0B6DE0;\n  color: white;\n}\n#send-button:hover {\n  background-color: #04AA6D;\n}\n#submit-button,\n#Reset-button {\n  background-color: #e50000;\n  color: white;\n}\n\n\t\n@media (max-width: 768px) {\n  .debate-wrapper {\n    flex-direction: column;\n    gap: 20px;\n  }\n  .input-row {\n    flex-wrap: wrap;\n  }\n  #send-button,\n  #Reset-button {\n    flex: 1;\n  }\n}\n<\/style>\n<div class=\"debate-wrapper\">\n  <div id=\"chat-container\" class=\"panel\">\n    <h3>Chat<\/h3>\n    <div id=\"chat-box\" class=\"chat-box\"><\/div>\n    <div class=\"input-row\">\n      <input id=\"user-input\" placeholder=\"Type your message...\" type=\"text\">\n      <button id=\"send-button\">Send<\/button>\n      <button id=\"Reset-button\">Reset<\/button>\n    <\/div>\n    <button id=\"submit-button\" style=\"margin-top: 10px;\">\n      End Conversation\n    <\/button>\n  <\/div>\n<\/div>","DefaultChoices":false,"QuestionType":"DB","Selector":"TB","DataVisibility":{"Private":false,"Hidden":false},"Configuration":{"QuestionDescriptionOption":"UseText"},"QuestionDescription":"Chat Send Reset End Conversation","ChoiceOrder":[],"Validation":{"Settings":{"Type":"None"}},"GradingData":[],"Language":[],"NextChoiceId":4,"NextAnswerId":1,"QuestionJS":"Qualtrics.SurveyEngine.addOnload(function()\n{\n  const chatBox = document.getElementById(\"chat-box\");\n  const input = document.getElementById(\"user-input\");\n  const sendButton = document.getElementById(\"send-button\");\n  const resetButton = document.getElementById(\"Reset-button\");\n  const submitButton = document.getElementById(\"submit-button\");\n  const start = Date.now();\n  const url = \"https:\/\/openrouter.ai\/api\/v1\/chat\/completions\";\n  var ResetCounter = 0;\n  var canPlaySound = true;\n  let historiesArray = [];\n  var UserMessageCount = 0;\n  var checkRequirementsResults = false; \n\n  var systemMessage = Qualtrics.SurveyEngine.getEmbeddedData('SystemPrompt');\n  const apiKey = Qualtrics.SurveyEngine.getEmbeddedData('OpenRouterAPIKey'); \/\/ OpenRouter key\n  const OR_model = Qualtrics.SurveyEngine.getEmbeddedData('setModel'); \/\/ seleced Model from https:\/\/openrouter.ai\/models (click on the model and copy the Model Identifier)\n  var conversationHistory = [{\"role\": \"system\", \"content\": systemMessage},];\n\n  \/\/ Requirements\n  var minimumInteractionCount = Qualtrics.SurveyEngine.getEmbeddedData('minimumInteractionCount');\n  var minimumInteractionTime = Qualtrics.SurveyEngine.getEmbeddedData('minimumInteractionTime_seconds');\n  \n  \/\/ Evaluation\n  var EvaluationNecessary = Qualtrics.SurveyEngine.getEmbeddedData('EvaluationNecessary');\n  if (EvaluationNecessary == 1) {\n    var EvaluationPrompt = Qualtrics.SurveyEngine.getEmbeddedData('EvaluationPrompt');\n  }\n\n  \/\/ Does the LLM initiate the interaction?\n  var LLMinitiates = Qualtrics.SurveyEngine.getEmbeddedData('LLMinitiates'); \/\/ 1: Yes; 0: No\n   if (LLMinitiates == 1) {\n    var LLMinitiates_StartPrompt = Qualtrics.SurveyEngine.getEmbeddedData('LLMinitiates_StartPrompt'); \/\/ The LLM needs \"user input\" to initiate. Provide the first message the LLM should react to. \n    var LLMinitiates_Visible = Qualtrics.SurveyEngine.getEmbeddedData('LLMinitiates_Visible'); \/\/ Should LLMinitiates_StartPrompt be visible to the User?\n    var LLMinitiates_RepeatOnReset = Qualtrics.SurveyEngine.getEmbeddedData('LLMinitiates_RepeatOnReset'); \/\/ Should the Model initiate again after reset?\n   }\n\nthis.hideNextButton();\n\n\n  \/**\n * Change button style when requirements are met\n *\/\nfunction ColourChangeWhenRequirementsMet() {\nlet ms = Date.now() - start;\nif (ms > (minimumInteractionTime*1000) && UserMessageCount >= minimumInteractionCount) {\n  submitButton.style.background='#0B6DE0';\n}}\nsetInterval(ColourChangeWhenRequirementsMet, 1000); \n\n\/**\n * Transforms markdown into HTML formatting\n * @param  {string} text the text to be transformed\n * @return {string}      the transformed text\n *\/\n  function parseMarkdown(text) {\n    return text\n      .replace(\/\\*\\*(.*?)\\*\\*\/g, '<strong>$1<\/strong>')\n      .replace(\/__(.*?)__\/g, '<strong>$1<\/strong>')\n      .replace(\/\\*(.*?)\\*\/g, '<em>$1<\/em>')\n      .replace(\/_(.*?)_\/g, '<em>$1<\/em>')\n      .replace(\/`(.*?)`\/g, '<code style=\"background-color: #f1f1f1; padding: 2px 4px; border-radius: 3px; font-family: monospace;\">$1<\/code>')\n      .replace(\/\\n\/g, '<br>')\n      .replace(\/\\[([^\\]]+)\\]\\(([^)]+)\\)\/g, '<a href=\"$2\" target=\"_blank\" style=\"color: #1976d2; text-decoration: none;\">$1<\/a>')\n      .replace(\/^### (.*$)\/gm, '<h3 style=\"margin: 10px 0 5px 0; font-size: 16px;\">$1<\/h3>')\n      .replace(\/^## (.*$)\/gm, '<h2 style=\"margin: 10px 0 5px 0; font-size: 18px;\">$1<\/h2>')\n      .replace(\/^# (.*$)\/gm, '<h1 style=\"margin: 10px 0 5px 0; font-size: 20px;\">$1<\/h1>')\n      .replace(\/^[\\-\\*] (.+)$\/gm, '<li style=\"margin-left: 20px;\">$1<\/li>')\n      .replace(\/(<li.*?<\\\/li>\\s*)+\/g, '<ul style=\"margin: 5px 0; padding-left: 0;\">$&<\/ul>');\n  }\n\n  \/**\n * Appends a message to the chat interface and conversation history\n * @param  {string} sender is the message source user or bot\n * @param  {string} text message text\n *\/\n  function appendMessage(sender, text) {\n    const messageDiv = document.createElement(\"div\");\n    console.log(\"appendMessage called:\", sender, text);\n    messageDiv.style.margin = \"5px 0\";\n    messageDiv.style.padding = \"10px\";\n    messageDiv.style.borderRadius = \"15px\";\n    messageDiv.style.maxWidth = \"90%\";\n    messageDiv.style.wordWrap = \"break-word\";\n    messageDiv.style.display = \"inline-block\";\n\n    if (sender === \"user\") {\n      UserMessageCount = UserMessageCount + 1; \n      messageDiv.style.backgroundColor = \"#dcf8c6\";\n      messageDiv.style.alignSelf = \"flex-end\";\n      messageDiv.style.marginLeft = \"auto\";\n      conversationHistory.push({ role: \"user\", content: text });\n      messageDiv.textContent = text;\n    } else {\n      messageDiv.style.backgroundColor = \"#e4e6eb\";\n      messageDiv.style.marginRight = \"auto\";\n      conversationHistory.push({ role: \"assistant\", content: text });\n      RemoveResponseInProcess();\n      const parsedText = parseMarkdown(text);\n      messageDiv.innerHTML = parsedText;\n    }\n\n    chatBox.appendChild(messageDiv);\n    chatBox.scrollTop = chatBox.scrollHeight;\n  }\n\n  \/**\n * Blocks User from typing or sending messages while response generation in process\n *\/\nfunction ResponseInProcess() {\n  disableSend();\n\t  const process = document.createElement(\"div\");\n\t  process.className = \"response-in-progress\";\n\t  process.style.fontSize = \"12px\";\n\t  process.style.color = \"#888\";\n\t  process.style.marginTop = \"2px\";\n\t  process.style.display = \"block\";\n\t  process.textContent = \"Waiting for Response\";\n\t  process.style.marginRight = \"auto\";\n\t  chatBox.appendChild(process);\n\t  chatBox.scrollTop = chatBox.scrollHeight;\n\t  TypingAnimation(process);\n}\n\n  \/**\n * Allows user to type or send messages again\n *\/\nfunction RemoveResponseInProcess() {\n  const processMessages = chatBox.querySelectorAll(\".response-in-progress\");\n  processMessages.forEach(msg => {\n    if (msg.dataset.intervalId) {\n      clearInterval(Number(msg.dataset.intervalId));\n    }\n    chatBox.removeChild(msg);\n  });\n  enableSend();\n}\n\t\n  \/**\n * Block Send Function\n *\/\nfunction disableSend() {\n  input.disabled = true;\n  sendButton.disabled = true;\n  input.placeholder = \"Chat disabled.\";\n  resetButton.disabled = true;\n}\n\n  \/**\n * Enable Send Function and focuses on input window\n *\/\nfunction enableSend() {\n  input.disabled = false;\n  sendButton.disabled = false;\n  input.placeholder = \"Type your message...\";\n  input.focus();\n  resetButton.disabled = false;\n}\t\n\n  \/**\n * Triggers Typing Animation\n *\/\nfunction TypingAnimation(process) {\nconst typingStates = [\"Waiting for Response.\", \"Waiting for Response..\", \"Waiting for Response...\", \"Waiting for Response\"];\n    var index = 0;\n    const animationInterval = 500; \/\/ in ms\n    const typingInterval = setInterval(() => {\n      process.textContent = typingStates[index];\n      index = (index + 1) % typingStates.length;\n    }, animationInterval);\n\tprocess.dataset.intervalId = typingInterval;\n}\n\ninput.addEventListener(\"keydown\", function (event) {\n  if (event.key === \"Enter\" && !event.shiftKey) {\n    event.preventDefault();\n    window.sendMessage();\n  }\n});\n\t\t\n\t\n  \/**\n * Triggers Request to OpenRouter, checks output message and \n * restarts response generation when output message fails check\n *\/\nasync function TriggerOpenrouterRequest() {\n  console.log(\"TriggerOpenrouterRequestPipeline called\");\n  var attemptLimit = 5;\n  var currentAttempt = 0;\n  var currentEvaluation = \"YES\";\n  while(currentEvaluation != \"NO\" && currentAttempt < attemptLimit){\n    try{\n       var currentMessage = await ChatRequest(conversationHistory);\n       console.log(\"Message:\", currentMessage);\n       var currentEvaluation = await MessageCheck(currentMessage);\n       console.log(\"Evaluation:\", currentEvaluation);\n     } catch(error) {\n       console.error(\"Pipeline failed:\", error);\n  }\n  currentAttempt = currentAttempt + 1; \n  }\n  if (currentEvaluation === \"NO\"){\n    appendMessage(\"bot\", currentMessage);\n  }\n  if (currentEvaluation != \"NO\" && currentAttempt == attemptLimit)\n  {\n    console.log(\"Error: final evaluation result was \" + currentEvaluation + \" for the following message: \" + currentMessage);\n    alert(\"An evaluation error occured. Please contact the responsible researchers.\"); \n  }\n}\n  \/**\n * Sends request to OpenRouter API\n * @param  {string} ChatHistory stringified JSON with the conversation history\n * @return {string} LLM Response\n *\/\nasync function ChatRequest(ChatHistory) {\n  const Header = new Headers();\n  Header.append(\"Content-Type\", \"application\/json\");\n  Header.append(\"Authorization\", \"Bearer \" + apiKey);\n\n  var response = await fetch(url, {\n    method: \"POST\",\n    headers: Header,\n    body: JSON.stringify({\n      model: OR_model,\n      messages: ChatHistory\n    })\n  });\n  const returnedResponse = await response.json();\n  return returnedResponse.choices[0].message.content.trim();;\n}\n\n  \/**\n * Evaluates generated message based on EvaluationPrompt\n * @param  {string} Message Message to be checked\n * @return {string} Response to Evaluation Prompt\n *\/\nasync function MessageCheck(Message) {\n  if(EvaluationNecessary == 1) {\n  var CheckPrompt = EvaluationPrompt.replace('{{message_text}}', Message);\n  var CheckConversationHistory = [{ role: \"user\", content: CheckPrompt }];\n  return await ChatRequest(CheckConversationHistory);\n  }\n  else {\n    return \"NO\"\n  }\n}\n\n\n\/\/ Functions for Buttons\nsendButton.addEventListener(\"click\", function () {\n  window.sendMessage();\n});\n\nresetButton.addEventListener(\"click\", function () {\n  window.Reset();\n});\n\nsubmitButton.addEventListener(\"click\", function () {\n  window.Submit();\n});\n\t\nwindow.Reset = function()\t{\t\n document.getElementById(\"chat-box\").innerHTML = \"\";\n input.value = \"\";\n historiesArray.push({\n    Conversation_number: ResetCounter,\n    history: JSON.parse(JSON.stringify(conversationHistory))});\n conversationHistory = [{\"role\": \"system\", \"content\": systemMessage},];\n ResetCounter++; \n console.log(\"HistorySaved:\", JSON.stringify(conversationHistory));\n enableSend();\n   if (LLMinitiates == \"1\" && LLMinitiates_RepeatOnReset == \"1\"){\n    if (LLMinitiates_Visible == \"1\") {\n      appendMessage(\"user\", LLMinitiates_StartPrompt);\n    } else\n      {conversationHistory.push({ role: \"user\", content: LLMinitiates_StartPrompt });\n    }\n    ResponseInProcess();\n    TriggerOpenrouterRequest();\n  }\n}\t\n\nwindow.Submit = function()\t{\nlet ms = Date.now() - start;\nif (ms < (minimumInteractionTime*1000) || UserMessageCount < minimumInteractionCount) {\n  if (minimumInteractionCount == 0 && minimumInteractionTime != 0) {alert(\"Please interact with the Chatbot for at least \" + minimumInteractionTime + \" seconds!\")}\n    else if (minimumInteractionTime == 0 && minimumInteractionCount != 0) {alert(\"Please interact with the Chatbot for at least \" + minimumInteractionCount + \" messages!\")}\n\t  else{alert(\"Please interact with the Chatbot for at least \" + minimumInteractionTime + \" seconds and a minimum of \" + minimumInteractionCount + \" messages!\")}}\nelse {\n\tlet confirmation = confirm(\"Do you really want to end the conversation and proceed?\");\n  if (confirmation) {\n  historiesArray.push({Conversation_number: ResetCounter, history: JSON.parse(JSON.stringify(conversationHistory))});\n  Qualtrics.SurveyEngine.setEmbeddedData('ConversationHistory', JSON.stringify(historiesArray));\n  var nextButton = document.querySelector('.NextButton');\n  nextButton.click();\n}}}\n\t\n\n  window.sendMessage = function () {\n    let userText = input.value.trim();\n    if (userText === \"\") return;\n    input.value = \"\";\n    appendMessage(\"user\", userText);\n\tsetTimeout(function (){\n    ResponseInProcess();         \n    }, 250);\n    TriggerOpenrouterRequest(); \n  }; \n\n  if (LLMinitiates == \"1\"){\n    if (LLMinitiates_Visible == \"1\") {\n      appendMessage(\"user\", LLMinitiates_StartPrompt);\n      UserMessageCount = UserMessageCount - 1; \n    } else\n      {conversationHistory.push({ role: \"user\", content: LLMinitiates_StartPrompt });\n    }\n    ResponseInProcess();\n    TriggerOpenrouterRequest();\n  }\n\n});\n\nQualtrics.SurveyEngine.addOnReady(function()\n{\n\n});\n\nQualtrics.SurveyEngine.addOnUnload(function()\n{\n\n});","QuestionText_Unsafe":"<style>\nhtml, body {\n  margin: 0;\n  padding: 0;\n  height: 100%;\n}\n\n.debate-wrapper {\n  width: 100%;\n  min-height: 70vh;   \n  height: 70dvh;      \n  display: flex;\n  justify-content: center;\n  gap: 20px;\n  font-family: sans-serif;\n  padding: 20px;\n  box-sizing: border-box;\n  overflow: hidden;  \n}\n\n\n.panel {\n  display: flex;\n  flex-direction: column;\n  min-height: 0;       \n  overflow: hidden;\n  font-size: 14px;\n}\n\n\n#text-editor {\n  flex: 2;\n}\n\n\n#chat-container {\n  flex: 3;\n}\n\n\n.editor-box {\n  flex: 1;\n  min-height: 0;\n  padding: 15px;\n  border-radius: 10px;\n  background-color: #f9f9f9;\n  height: 280px; \n  overflow-y: auto;    \n  box-sizing: border-box;\n  font-size: 16px;\n}\n\n\/* CHAT BOX *\/\n.chat-box {\n  flex: 1;\n  min-height: 0;\n  overflow-y: auto;\n  border: 1px solid #ccc;\n  padding: 10px;\n  background-color: #f9f9f9;\n  border-radius: 10px;\n  box-sizing: border-box;\n  display: flex;\n  flex-direction: column;\n}\n\n\/* INPUT ROW *\/\n.input-row {\n  margin-top: 10px;\n  display: flex;\n  gap: 8px;\n}\n\ninput[type=\"text\"] {\n  flex: 1;\n  padding: 10px;\n  border-radius: 20px;\n  border: 1px solid #ccc;\n  box-sizing: border-box;\n}\n\nbutton {\n  padding: 10px 14px;\n  border-radius: 20px;\n  border: none;\n  cursor: pointer;\n  white-space: nowrap;\n}\n\n#send-button {\n  background-color: #0B6DE0;\n  color: white;\n}\n\n#send-button:hover {\n  background-color: #04AA6D;\n}\n\n#submit-button,\n#Reset-button {\n  background-color: #e50000;\n  color: white;\n}\n\n\/* \ud83d\udcf1 Mobile layout *\/\n@media (max-width: 768px) {\n  .debate-wrapper {\n    flex-direction: column;\n    gap: 20px;\n  }\n\n  .input-row {\n    flex-wrap: wrap;\n  }\n\n  #send-button,\n  #Reset-button {\n    flex: 1;\n  }\n}\n<\/style>\n\n\n<div class=\"debate-wrapper\">\n\n  \n  <div id=\"text-editor\" class=\"panel\">\n    <h3>${e:\/\/Field\/ContentFieldTitle}<\/h3>\n\n    <div class=\"editor-box\">\n            <div> \n\t\t\t\t${e:\/\/Field\/ContentFieldInput}\n      <\/div>\n    <\/div>\n  <\/div>\n\n  \n  <div id=\"chat-container\" class=\"panel\">\n    <h3>Chat<\/h3>\n\n    <div id=\"chat-box\" class=\"chat-box\"><\/div>\n\n    <div class=\"input-row\">\n      <input id=\"user-input\" placeholder=\"Type your message...\" type=\"text\">\n      <button id=\"send-button\">Send<\/button>\n      <button id=\"Reset-button\">Reset<\/button>\n    <\/div>\n\n    <button id=\"submit-button\" style=\"margin-top: 10px;\">\n      End Conversation\n    <\/button>\n  <\/div>\n\n<\/div>\n\n\n","DataExportTag":"Q125","QuestionID":"QID125"}},{"SurveyID":"SV_by03AfQ0Ecomssu","Element":"SQ","PrimaryAttribute":"QID127","SecondaryAttribute":"${e:\/\/Field\/ContentFieldTitle} Chat Send Reset Submit & Proceed","TertiaryAttribute":null,"Payload":{"QuestionText":"<style>\nhtml, body {\n  margin: 0;\n  padding: 0;\n  height: 100%;\n}\n\n.debate-wrapper {\n  width: 100%;\n  min-height: 70vh;   \n  height: 70dvh;      \n  display: flex;\n  justify-content: center;\n  gap: 20px;\n  font-family: sans-serif;\n  padding: 20px;\n  box-sizing: border-box;\n  overflow: hidden;  \n}\n\n\n.panel {\n  display: flex;\n  flex-direction: column;\n  min-height: 0;       \n  overflow: hidden;\n  font-size: 14px;\n}\n\n\n#text-editor {\n  flex: 2;\n}\n\n\n#chat-container {\n  flex: 2;\n}\n\n\n.editor-box {\n  flex: 1;\n  min-height: 0;\n  padding: 15px;\n  border-radius: 10px;\n  background-color: #f9f9f9;\n  height: 280px; \n  overflow-y: auto;    \n  box-sizing: border-box;\n  font-size: 16px;\n  display: flex;\n}\n\n#article-input {\n  flex: 1;\n  width: 100%;\n  border: none;\n  border-radius: 8px;\n  padding: 10px;\n  font-size: 16px;\n  resize: none;\n  box-sizing: border-box;\n  font-family: inherit;\n  background-color: transparent;\n}\n\n\/* CHAT BOX *\/\n.chat-box {\n  flex: 1;\n  min-height: 0;\n  overflow-y: auto;\n  border: 1px solid #ccc;\n  padding: 10px;\n  background-color: #f9f9f9;\n  border-radius: 10px;\n  box-sizing: border-box;\n  display: flex;\n  flex-direction: column;\n}\n\n\/* INPUT ROW *\/\n.input-row {\n  margin-top: 10px;\n  display: flex;\n  gap: 8px;\n}\n\ninput[type=\"text\"] {\n  flex: 1;\n  padding: 10px;\n  border-radius: 20px;\n  border: 1px solid #ccc;\n  box-sizing: border-box;\n}\n\nbutton {\n  padding: 10px 14px;\n  border-radius: 20px;\n  border: none;\n  cursor: pointer;\n  white-space: nowrap;\n}\n\n#send-button {\n  background-color: #0B6DE0;\n  color: white;\n}\n\n#send-button:hover {\n  background-color: #04AA6D;\n}\n\n#submit-button,\n#Reset-button {\n  background-color: #e50000;\n  color: white;\n}\n\n@media (max-width: 768px) {\n  .debate-wrapper {\n    flex-direction: column;\n    gap: 20px;\n  }\n\n  .input-row {\n    flex-wrap: wrap;\n  }\n\n  #send-button,\n  #Reset-button {\n    flex: 1;\n  }\n}\n<\/style>\n\n\n<div class=\"debate-wrapper\">\n\n  \n  <div id=\"text-editor\" class=\"panel\">\n    <h3>${e:\/\/Field\/ContentFieldTitle}<\/h3>\n\n    <div class=\"editor-box\">\n      <textarea id=\"article-input\" placeholder=\"Type your text...\"><\/textarea>\n    <\/div>\n  <\/div>\n\n  \n  <div id=\"chat-container\" class=\"panel\">\n    <h3>Chat<\/h3>\n\n    <div id=\"chat-box\" class=\"chat-box\"><\/div>\n\n    <div class=\"input-row\">\n      <input id=\"user-input\" placeholder=\"Type your message...\" type=\"text\">\n      <button id=\"send-button\">Send<\/button>\n      <button id=\"Reset-button\">Reset<\/button>\n    <\/div>\n\n    <button id=\"submit-button\" style=\"margin-top: 10px;\">\n      Submit & Proceed\n    <\/button>\n  <\/div>\n\n<\/div>","DefaultChoices":false,"QuestionType":"DB","Selector":"TB","DataVisibility":{"Private":false,"Hidden":false},"Configuration":{"QuestionDescriptionOption":"UseText"},"QuestionDescription":"${e:\/\/Field\/ContentFieldTitle} Chat Send Reset Submit & Proceed","ChoiceOrder":[],"Validation":{"Settings":{"Type":"None"}},"GradingData":[],"Language":[],"NextChoiceId":4,"NextAnswerId":1,"QuestionJS":"Qualtrics.SurveyEngine.addOnload(function()\n{\n  const chatBox = document.getElementById(\"chat-box\");\n  const input = document.getElementById(\"user-input\");\n  const article = document.getElementById(\"article-input\");\n  const sendButton = document.getElementById(\"send-button\");\n  const resetButton = document.getElementById(\"Reset-button\");\n  const submitButton = document.getElementById(\"submit-button\");\n  const start = Date.now();\n  const url = \"https:\/\/openrouter.ai\/api\/v1\/chat\/completions\";\n  var ResetCounter = 0;\n  var canPlaySound = true;\n  let historiesArray = [];\n  var UserMessageCount = 0;\n  var checkRequirementsResults = false; \n\n  var systemMessage = Qualtrics.SurveyEngine.getEmbeddedData('SystemPrompt');\n  const apiKey = Qualtrics.SurveyEngine.getEmbeddedData('OpenRouterAPIKey'); \/\/ OpenRouter key\n  const OR_model = Qualtrics.SurveyEngine.getEmbeddedData('setModel'); \/\/ seleced Model from https:\/\/openrouter.ai\/models (click on the model and copy the Model Identifier)\n  var conversationHistory = [{\"role\": \"system\", \"content\": systemMessage},];\n\n  \/\/ Requirements\n  var minimumInteractionCount = Qualtrics.SurveyEngine.getEmbeddedData('minimumInteractionCount');\n  var minimumInteractionTime = Qualtrics.SurveyEngine.getEmbeddedData('minimumInteractionTime_seconds');\n  var ArticleMinimumLength = Qualtrics.SurveyEngine.getEmbeddedData('ArticleMinimumLength');\n  \n  \/\/ Evaluation\n  var EvaluationNecessary = Qualtrics.SurveyEngine.getEmbeddedData('EvaluationNecessary');\n  if (EvaluationNecessary == 1) {\n    var EvaluationPrompt = Qualtrics.SurveyEngine.getEmbeddedData('EvaluationPrompt');\n  }\n\n  \/\/ Does the LLM initiate the interaction?\n  var LLMinitiates = Qualtrics.SurveyEngine.getEmbeddedData('LLMinitiates'); \/\/ 1: Yes; 0: No\n   if (LLMinitiates == 1) {\n    var LLMinitiates_StartPrompt = Qualtrics.SurveyEngine.getEmbeddedData('LLMinitiates_StartPrompt'); \/\/ The LLM needs \"user input\" to initiate. Provide the first message the LLM should react to. \n    var LLMinitiates_Visible = Qualtrics.SurveyEngine.getEmbeddedData('LLMinitiates_Visible'); \/\/ Should LLMinitiates_StartPrompt be visible to the User?\n    var LLMinitiates_RepeatOnReset = Qualtrics.SurveyEngine.getEmbeddedData('LLMinitiates_RepeatOnReset'); \/\/ Should the Model initiate again after reset?\n   }\n\nthis.hideNextButton();\n\n\n  \/**\n * Change button style when requirements are met\n *\/\nfunction ColourChangeWhenRequirementsMet() {\nlet ms = Date.now() - start;\nif (ms > (minimumInteractionTime*1000) && UserMessageCount >= minimumInteractionCount) {\n  submitButton.style.background='#0B6DE0';\n}}\nsetInterval(ColourChangeWhenRequirementsMet, 1000); \n\n\/**\n * Transforms markdown into HTML formatting\n * @param  {string} text the text to be transformed\n * @return {string}      the transformed text\n *\/\n  function parseMarkdown(text) {\n    return text\n      .replace(\/\\*\\*(.*?)\\*\\*\/g, '<strong>$1<\/strong>')\n      .replace(\/__(.*?)__\/g, '<strong>$1<\/strong>')\n      .replace(\/\\*(.*?)\\*\/g, '<em>$1<\/em>')\n      .replace(\/_(.*?)_\/g, '<em>$1<\/em>')\n      .replace(\/`(.*?)`\/g, '<code style=\"background-color: #f1f1f1; padding: 2px 4px; border-radius: 3px; font-family: monospace;\">$1<\/code>')\n      .replace(\/\\n\/g, '<br>')\n      .replace(\/\\[([^\\]]+)\\]\\(([^)]+)\\)\/g, '<a href=\"$2\" target=\"_blank\" style=\"color: #1976d2; text-decoration: none;\">$1<\/a>')\n      .replace(\/^### (.*$)\/gm, '<h3 style=\"margin: 10px 0 5px 0; font-size: 16px;\">$1<\/h3>')\n      .replace(\/^## (.*$)\/gm, '<h2 style=\"margin: 10px 0 5px 0; font-size: 18px;\">$1<\/h2>')\n      .replace(\/^# (.*$)\/gm, '<h1 style=\"margin: 10px 0 5px 0; font-size: 20px;\">$1<\/h1>')\n      .replace(\/^[\\-\\*] (.+)$\/gm, '<li style=\"margin-left: 20px;\">$1<\/li>')\n      .replace(\/(<li.*?<\\\/li>\\s*)+\/g, '<ul style=\"margin: 5px 0; padding-left: 0;\">$&<\/ul>');\n  }\n\n  \/**\n * Appends a message to the chat interface and conversation history\n * @param  {string} sender is the message source user or bot\n * @param  {string} text message text\n *\/\n  function appendMessage(sender, text) {\n    const messageDiv = document.createElement(\"div\");\n    console.log(\"appendMessage called:\", sender, text);\n    messageDiv.style.margin = \"5px 0\";\n    messageDiv.style.padding = \"10px\";\n    messageDiv.style.borderRadius = \"15px\";\n    messageDiv.style.maxWidth = \"90%\";\n    messageDiv.style.wordWrap = \"break-word\";\n    messageDiv.style.display = \"inline-block\";\n\n    if (sender === \"user\") {\n      UserMessageCount = UserMessageCount + 1; \n      messageDiv.style.backgroundColor = \"#dcf8c6\";\n      messageDiv.style.alignSelf = \"flex-end\";\n      messageDiv.style.marginLeft = \"auto\";\n      conversationHistory.push({ role: \"user\", content: text });\n      messageDiv.textContent = text;\n    } else {\n      messageDiv.style.backgroundColor = \"#e4e6eb\";\n      messageDiv.style.marginRight = \"auto\";\n      conversationHistory.push({ role: \"assistant\", content: text });\n      RemoveResponseInProcess();\n      const parsedText = parseMarkdown(text);\n      messageDiv.innerHTML = parsedText;\n    }\n\n    chatBox.appendChild(messageDiv);\n    chatBox.scrollTop = chatBox.scrollHeight;\n  }\n\n  \/**\n * Blocks User from typing or sending messages while response generation in process\n *\/\nfunction ResponseInProcess() {\n  disableSend();\n\t  const process = document.createElement(\"div\");\n\t  process.className = \"response-in-progress\";\n\t  process.style.fontSize = \"12px\";\n\t  process.style.color = \"#888\";\n\t  process.style.marginTop = \"2px\";\n\t  process.style.display = \"block\";\n\t  process.textContent = \"Waiting for Response\";\n\t  process.style.marginRight = \"auto\";\n\t  chatBox.appendChild(process);\n\t  chatBox.scrollTop = chatBox.scrollHeight;\n\t  TypingAnimation(process);\n}\n\n  \/**\n * Allows user to type or send messages again\n *\/\nfunction RemoveResponseInProcess() {\n  const processMessages = chatBox.querySelectorAll(\".response-in-progress\");\n  processMessages.forEach(msg => {\n    if (msg.dataset.intervalId) {\n      clearInterval(Number(msg.dataset.intervalId));\n    }\n    chatBox.removeChild(msg);\n  });\n  enableSend();\n}\n\t\n  \/**\n * Block Send Function\n *\/\nfunction disableSend() {\n  input.disabled = true;\n  sendButton.disabled = true;\n  input.placeholder = \"Chat disabled.\";\n  resetButton.disabled = true;\n}\n\n  \/**\n * Enable Send Function and focuses on input window\n *\/\nfunction enableSend() {\n  input.disabled = false;\n  sendButton.disabled = false;\n  input.placeholder = \"Type your message...\";\n  input.focus();\n  resetButton.disabled = false;\n}\t\n\n  \/**\n * Triggers Typing Animation\n *\/\nfunction TypingAnimation(process) {\nconst typingStates = [\"Waiting for Response.\", \"Waiting for Response..\", \"Waiting for Response...\", \"Waiting for Response\"];\n    var index = 0;\n    const animationInterval = 500; \/\/ in ms\n    const typingInterval = setInterval(() => {\n      process.textContent = typingStates[index];\n      index = (index + 1) % typingStates.length;\n    }, animationInterval);\n\tprocess.dataset.intervalId = typingInterval;\n}\n\ninput.addEventListener(\"keydown\", function (event) {\n  if (event.key === \"Enter\" && !event.shiftKey) {\n    event.preventDefault();\n    window.sendMessage();\n  }\n});\n\t\t\n\t\n  \/**\n * Triggers Request to OpenRouter, checks output message and \n * restarts response generation when output message fails check\n *\/\nasync function TriggerOpenrouterRequest() {\n  console.log(\"TriggerOpenrouterRequestPipeline called\");\n  var attemptLimit = 5;\n  var currentAttempt = 0;\n  var currentEvaluation = \"YES\";\n  while(currentEvaluation != \"NO\" && currentAttempt < attemptLimit){\n    try{\n       var currentMessage = await ChatRequest(conversationHistory);\n       console.log(\"Message:\", currentMessage);\n       var currentEvaluation = await MessageCheck(currentMessage);\n       console.log(\"Evaluation:\", currentEvaluation);\n     } catch(error) {\n       console.error(\"Pipeline failed:\", error);\n  }\n  currentAttempt = currentAttempt + 1; \n  }\n  if (currentEvaluation === \"NO\"){\n    appendMessage(\"bot\", currentMessage);\n  }\n  if (currentEvaluation != \"NO\" && currentAttempt == attemptLimit)\n  {\n    console.log(\"Error: final evaluation result was \" + currentEvaluation);\n    alert(\"An evaluation error occured. Please contact the responsible researchers.\"); \n  }\n}\n  \/**\n * Sends request to OpenRouter API\n * @param  {string} ChatHistory stringified JSON with the conversation history\n * @return {string} LLM Response\n *\/\nasync function ChatRequest(ChatHistory) {\n  const Header = new Headers();\n  Header.append(\"Content-Type\", \"application\/json\");\n  Header.append(\"Authorization\", \"Bearer \" + apiKey);\n\n  var response = await fetch(url, {\n    method: \"POST\",\n    headers: Header,\n    body: JSON.stringify({\n      model: OR_model,\n      messages: ChatHistory\n    })\n  });\n  const returnedResponse = await response.json();\n  return returnedResponse.choices[0].message.content.trim();;\n}\n\n  \/**\n * Evaluates generated message based on EvaluationPrompt\n * @param  {string} Message Message to be checked\n * @return {string} Response to Evaluation Prompt\n *\/\nasync function MessageCheck(Message) {\n  if(EvaluationNecessary == 1) {\n  var CheckPrompt = EvaluationPrompt.replace('{{message_text}}', Message);\n  var CheckConversationHistory = [{ role: \"user\", content: CheckPrompt }];\n  return await ChatRequest(CheckConversationHistory);\n  }\n  else {\n    return \"NO\"\n  }\n}\n\n\n\/\/ Functions for Buttons\nsendButton.addEventListener(\"click\", function () {\n  window.sendMessage();\n});\n\nresetButton.addEventListener(\"click\", function () {\n  window.Reset();\n});\n\nsubmitButton.addEventListener(\"click\", function () {\n  window.Submit();\n});\n\t\nwindow.Reset = function()\t{\t\n document.getElementById(\"chat-box\").innerHTML = \"\";\n input.value = \"\";\n historiesArray.push({\n    Conversation_number: ResetCounter,\n    history: JSON.parse(JSON.stringify(conversationHistory))});\n conversationHistory = [{\"role\": \"system\", \"content\": systemMessage},];\n ResetCounter++; \n console.log(\"HistorySaved:\", JSON.stringify(conversationHistory));\n enableSend();\n   if (LLMinitiates == \"1\" && LLMinitiates_RepeatOnReset == \"1\"){\n    if (LLMinitiates_Visible == \"1\") {\n      appendMessage(\"user\", LLMinitiates_StartPrompt);\n    } else\n      {conversationHistory.push({ role: \"user\", content: LLMinitiates_StartPrompt });\n    }\n    ResponseInProcess();\n    TriggerOpenrouterRequest();\n  }\n}\t\n\nwindow.Submit = function()\t{\nlet ms = Date.now() - start;\nif (ms < (minimumInteractionTime*1000) || UserMessageCount < minimumInteractionCount) {\n  if (minimumInteractionCount == 0 && minimumInteractionTime != 0) {alert(\"Please interact with the Chatbot for at least \" + minimumInteractionTime + \" seconds!\")}\n    else if (minimumInteractionTime == 0 && minimumInteractionCount != 0) {alert(\"Please interact with the Chatbot for at least \" + minimumInteractionCount + \" messages!\")}\n\t  else{alert(\"Please interact with the Chatbot for at least \" + minimumInteractionTime + \" seconds and a minimum of \" + minimumInteractionCount + \" messages!\")}}\nelse {\n    var articleText = article.value.trim();\n    if(articleText.length < ArticleMinimumLength) {alert(\"Please type at least \" + ArticleMinimumLength + \" characters!\")}\n\telse {\n    let confirmation = confirm(\"Do you really want to end the conversation and proceed?\");\n    if (confirmation) {\n    historiesArray.push({Conversation_number: ResetCounter, history: JSON.parse(JSON.stringify(conversationHistory))});\n    Qualtrics.SurveyEngine.setEmbeddedData('ConversationHistory', JSON.stringify(historiesArray));\n    let articleText = article.value.trim();\n    Qualtrics.SurveyEngine.setEmbeddedData('Article', articleText);\n    var nextButton = document.querySelector('.NextButton');\n    nextButton.click();\n}}}};\n\t\n\n  window.sendMessage = function () {\n    var userText = input.value.trim();\n    if (userText === \"\") return;\n    input.value = \"\";\n    appendMessage(\"user\", userText);\n\tsetTimeout(function (){\n    ResponseInProcess();         \n    }, 250);\n    TriggerOpenrouterRequest(); \n  }; \n\n  if (LLMinitiates == \"1\"){\n    if (LLMinitiates_Visible == \"1\") {\n      appendMessage(\"user\", LLMinitiates_StartPrompt);\n      UserMessageCount = UserMessageCount - 1; \n    } else\n      {conversationHistory.push({ role: \"user\", content: LLMinitiates_StartPrompt });\n    }\n    ResponseInProcess();\n    TriggerOpenrouterRequest();\n  }\n\n});\n\nQualtrics.SurveyEngine.addOnReady(function()\n{\n\n});\n\nQualtrics.SurveyEngine.addOnUnload(function()\n{\n\n});","QuestionText_Unsafe":"<style>\nhtml, body {\n  margin: 0;\n  padding: 0;\n  height: 100%;\n}\n\n.debate-wrapper {\n  width: 100%;\n  min-height: 70vh;   \n  height: 70dvh;      \n  display: flex;\n  justify-content: center;\n  gap: 20px;\n  font-family: sans-serif;\n  padding: 20px;\n  box-sizing: border-box;\n  overflow: hidden;  \n}\n\n\n.panel {\n  display: flex;\n  flex-direction: column;\n  min-height: 0;       \n  overflow: hidden;\n  font-size: 14px;\n}\n\n\n#text-editor {\n  flex: 2;\n}\n\n\n#chat-container {\n  flex: 3;\n}\n\n\n.editor-box {\n  flex: 1;\n  min-height: 0;\n  padding: 15px;\n  border-radius: 10px;\n  background-color: #f9f9f9;\n  height: 280px; \n  overflow-y: auto;    \n  box-sizing: border-box;\n  font-size: 16px;\n}\n\n\/* CHAT BOX *\/\n.chat-box {\n  flex: 1;\n  min-height: 0;\n  overflow-y: auto;\n  border: 1px solid #ccc;\n  padding: 10px;\n  background-color: #f9f9f9;\n  border-radius: 10px;\n  box-sizing: border-box;\n  display: flex;\n  flex-direction: column;\n}\n\n\/* INPUT ROW *\/\n.input-row {\n  margin-top: 10px;\n  display: flex;\n  gap: 8px;\n}\n\ninput[type=\"text\"] {\n  flex: 1;\n  padding: 10px;\n  border-radius: 20px;\n  border: 1px solid #ccc;\n  box-sizing: border-box;\n}\n\nbutton {\n  padding: 10px 14px;\n  border-radius: 20px;\n  border: none;\n  cursor: pointer;\n  white-space: nowrap;\n}\n\n#send-button {\n  background-color: #0B6DE0;\n  color: white;\n}\n\n#send-button:hover {\n  background-color: #04AA6D;\n}\n\n#submit-button,\n#Reset-button {\n  background-color: #e50000;\n  color: white;\n}\n\n\n@media (max-width: 768px) {\n  .debate-wrapper {\n    flex-direction: column;\n    gap: 20px;\n  }\n\n  .input-row {\n    flex-wrap: wrap;\n  }\n\n  #send-button,\n  #Reset-button {\n    flex: 1;\n  }\n}\n<\/style>\n\n\n<div class=\"debate-wrapper\">\n\n  \n  <div id=\"text-editor\" class=\"panel\">\n    <h3>${e:\/\/Field\/ContentFieldTitle}<\/h3>\n\n    <div class=\"editor-box\">\n            <div> \n\t\t\t\t${e:\/\/Field\/ContentFieldInput}\n      <\/div>\n    <\/div>\n  <\/div>\n\n  \n  <div id=\"chat-container\" class=\"panel\">\n    <h3>Chat<\/h3>\n\n    <div id=\"chat-box\" class=\"chat-box\"><\/div>\n\n    <div class=\"input-row\">\n      <input id=\"user-input\" placeholder=\"Type your message...\" type=\"text\">\n      <button id=\"send-button\">Send<\/button>\n      <button id=\"Reset-button\">Reset<\/button>\n    <\/div>\n\n    <button id=\"submit-button\" style=\"margin-top: 10px;\">\n      End Conversation\n    <\/button>\n  <\/div>\n\n<\/div>\n\n\n","DataExportTag":"Q127","QuestionID":"QID127"}},{"SurveyID":"SV_by03AfQ0Ecomssu","Element":"STAT","PrimaryAttribute":"Survey Statistics","SecondaryAttribute":null,"TertiaryAttribute":null,"Payload":{"MobileCompatible":true,"ID":"Survey Statistics"}}]}